
Microsoft Visual Studio Solution File, Format Version 12.00
# Visual Studio Version 16
VisualStudioVersion = 16.0.33920.266
MinimumVisualStudioVersion = 10.0.40219.1
Project("{FAE04EC0-301F-11D3-BF4B-00C04F79EFBC}") = "PolygonRenderer", "PolygonRenderer\PolygonRenderer.csproj", "{C686DECA-5F71-443D-9E02-EEC35FADE7F1}"
EndProject
Global
	GlobalSection(SolutionConfigurationPlatforms) = preSolution
		Debug|Any CPU = Debug|Any CPU
		Release|Any CPU = Release|Any CPU
	EndGlobalSection
	GlobalSection(ProjectConfigurationPlatforms) = postSolution
		{C686DECA-5F71-443D-9E02-EEC35FADE7F1}.Debug|Any CPU.ActiveCfg = Debug|Any CPU
		{C686DECA-5F71-443D-9E02-EEC35FADE7F1}.Debug|Any CPU.Build.0 = Debug|Any CPU
		{C686DECA-5F71-443D-9E02-EEC35FADE7F1}.Release|Any CPU.ActiveCfg = Release|Any CPU
		{C686DECA-5F71-443D-9E02-EEC35FADE7F1}.Release|Any CPU.Build.0 = Release|Any CPU
	EndGlobalSection
	GlobalSection(SolutionProperties) = preSolution
		HideSolutionNode = FALSE
	EndGlobalSection
	GlobalSection(ExtensibilityGlobals) = postSolution
		SolutionGuid = {545A2B59-9867-4955-9BC7-3840F840070B}
	EndGlobalSection
EndGlobal
